<?xml version="1.0" encoding="UTF-8" standalone="yes" ?>
<CodeBlocks_project_file>
	<FileVersion major="1" minor="6" />
	<Project>
		<Option title="cryptlib" />
		<Option pch_mode="2" />
		<Option compiler="gcc" />
		<Build>
			<Target title="Release Win32">
				<Option output="../../lib/win/libcryptopp" prefix_auto="1" extension_auto="1" />
				<Option working_dir="" />
				<Option object_output="Win32/cryptlib/Release Win32" />
				<Option type="2" />
				<Option compiler="gcc" />
				<Option createDefFile="1" />
				<Compiler>
					<Add option="-fexpensive-optimizations" />
					<Add option="-Os" />
					<Add option="-O3" />
					<Add option="-O2" />
					<Add option="-O1" />
					<Add option="-O" />
					<Add option="-W" />
					<Add option="-DNDEBUG" />
					<Add option="-D_WINDOWS" />
					<Add option="-DUSE_PRECOMPILED_HEADERS" />
					<Add option="-DWIN32" />
				</Compiler>
				<Linker>
					<Add option="-s" />
					<Add option="--no-export-all-symbols --add-stdcall-alias -Wl,--enable-runtime-pseudo-reloc --enable-auto-import" />
				</Linker>
			</Target>
			<Target title="Release x64">
				<Option output="lib" prefix_auto="1" extension_auto="1" />
				<Option working_dir="" />
				<Option object_output="Win32/cryptlib/Release x64" />
				<Option type="2" />
				<Option compiler="gcc" />
				<Option createDefFile="1" />
				<Compiler>
					<Add option="-DNDEBUG" />
					<Add option="-D_WINDOWS" />
					<Add option="-DUSE_PRECOMPILED_HEADERS" />
					<Add option="-DWIN32" />
					<Add option="-W" />
					<Add option="-O2" />
				</Compiler>
			</Target>
			<Target title="DLL-Import Release Win32">
				<Option output="lib" prefix_auto="1" extension_auto="1" />
				<Option working_dir="" />
				<Option object_output="Win32/cryptlib/DLL-Import Release Win32" />
				<Option type="2" />
				<Option compiler="gcc" />
				<Option createDefFile="1" />
				<Compiler>
					<Add option="-DNDEBUG" />
					<Add option="-D_WINDOWS" />
					<Add option="-DUSE_PRECOMPILED_HEADERS" />
					<Add option="-DWIN32" />
					<Add option="-DCRYPTOPP_IMPORTS" />
					<Add option="-W" />
					<Add option="-O2" />
				</Compiler>
			</Target>
			<Target title="DLL-Import Release x64">
				<Option output="lib" prefix_auto="1" extension_auto="1" />
				<Option working_dir="" />
				<Option object_output="Win32/cryptlib/DLL-Import Release x64" />
				<Option type="2" />
				<Option compiler="gcc" />
				<Option createDefFile="1" />
				<Compiler>
					<Add option="-DNDEBUG" />
					<Add option="-D_WINDOWS" />
					<Add option="-DUSE_PRECOMPILED_HEADERS" />
					<Add option="-DWIN32" />
					<Add option="-DCRYPTOPP_IMPORTS" />
					<Add option="-W" />
					<Add option="-O2" />
				</Compiler>
			</Target>
			<Target title="Debug Win32">
				<Option output="lib" prefix_auto="1" extension_auto="1" />
				<Option working_dir="" />
				<Option object_output="Win32/cryptlib/Debug Win32" />
				<Option type="2" />
				<Option compiler="gcc" />
				<Option createDefFile="1" />
				<Compiler>
					<Add option="-D_DEBUG" />
					<Add option="-D_WINDOWS" />
					<Add option="-DUSE_PRECOMPILED_HEADERS" />
					<Add option="-DWIN32" />
					<Add option="-W" />
					<Add option="-g" />
					<Add option="-O0" />
				</Compiler>
			</Target>
			<Target title="Debug x64">
				<Option output="lib" prefix_auto="1" extension_auto="1" />
				<Option working_dir="" />
				<Option object_output="Win32/cryptlib/Debug x64" />
				<Option type="2" />
				<Option compiler="gcc" />
				<Option createDefFile="1" />
				<Compiler>
					<Add option="-D_DEBUG" />
					<Add option="-D_WINDOWS" />
					<Add option="-DUSE_PRECOMPILED_HEADERS" />
					<Add option="-DWIN32" />
					<Add option="-W" />
					<Add option="-O0" />
				</Compiler>
			</Target>
			<Target title="DLL-Import Debug Win32">
				<Option output="lib" prefix_auto="1" extension_auto="1" />
				<Option working_dir="" />
				<Option object_output="Win32/cryptlib/DLL-Import Debug Win32" />
				<Option type="2" />
				<Option compiler="gcc" />
				<Option createDefFile="1" />
				<Compiler>
					<Add option="-D_DEBUG" />
					<Add option="-D_WINDOWS" />
					<Add option="-DUSE_PRECOMPILED_HEADERS" />
					<Add option="-DWIN32" />
					<Add option="-DCRYPTOPP_IMPORTS" />
					<Add option="-W" />
					<Add option="-g" />
					<Add option="-O0" />
				</Compiler>
			</Target>
			<Target title="DLL-Import Debug x64">
				<Option output="lib" prefix_auto="1" extension_auto="1" />
				<Option working_dir="" />
				<Option object_output="Win32/cryptlib/DLL-Import Debug x64" />
				<Option type="2" />
				<Option compiler="gcc" />
				<Option createDefFile="1" />
				<Compiler>
					<Add option="-D_DEBUG" />
					<Add option="-D_WINDOWS" />
					<Add option="-DUSE_PRECOMPILED_HEADERS" />
					<Add option="-DWIN32" />
					<Add option="-DCRYPTOPP_IMPORTS" />
					<Add option="-W" />
					<Add option="-O0" />
				</Compiler>
			</Target>
			<Target title="Release Nix">
				<Option output="../../lib/nix/libcryptopp" prefix_auto="1" extension_auto="1" />
				<Option working_dir="" />
				<Option object_output="Nix/cryptlib/Release Nix" />
				<Option type="2" />
				<Option compiler="gcc" />
				<Option createDefFile="1" />
				<Compiler>
					<Add option="-fexpensive-optimizations" />
					<Add option="-Os" />
					<Add option="-O3" />
					<Add option="-O2" />
					<Add option="-O1" />
					<Add option="-O" />
					<Add option="-W" />
					<Add option="-DNDEBUG" />
					<Add option="-D_WINDOWS" />
					<Add option="-DUSE_PRECOMPILED_HEADERS" />
					<Add option="-DWIN32" />
				</Compiler>
				<Linker>
					<Add option="-s" />
					<Add option="--no-export-all-symbols --add-stdcall-alias -Wl,--enable-runtime-pseudo-reloc --enable-auto-import" />
				</Linker>
			</Target>
		</Build>
		<Unit filename="3way.cpp" />
		<Unit filename="3way.h" />
		<Unit filename="adhoc.cpp.proto" />
		<Unit filename="adler32.cpp" />
		<Unit filename="adler32.h" />
		<Unit filename="aes.h" />
		<Unit filename="algebra.cpp" />
		<Unit filename="algebra.h" />
		<Unit filename="algparam.cpp" />
		<Unit filename="algparam.h" />
		<Unit filename="arc4.cpp" />
		<Unit filename="arc4.h" />
		<Unit filename="argnames.h" />
		<Unit filename="asn.cpp" />
		<Unit filename="asn.h" />
		<Unit filename="base32.cpp" />
		<Unit filename="base32.h" />
		<Unit filename="base64.cpp" />
		<Unit filename="base64.h" />
		<Unit filename="basecode.cpp" />
		<Unit filename="basecode.h" />
		<Unit filename="bfinit.cpp" />
		<Unit filename="blowfish.cpp" />
		<Unit filename="blowfish.h" />
		<Unit filename="blumshub.cpp" />
		<Unit filename="blumshub.h" />
		<Unit filename="camellia.cpp" />
		<Unit filename="camellia.h" />
		<Unit filename="cast.cpp" />
		<Unit filename="cast.h" />
		<Unit filename="casts.cpp" />
		<Unit filename="cbcmac.cpp" />
		<Unit filename="cbcmac.h" />
		<Unit filename="channels.cpp" />
		<Unit filename="channels.h" />
		<Unit filename="config.h" />
		<Unit filename="cpu.cpp" />
		<Unit filename="cpu.h" />
		<Unit filename="crc.cpp" />
		<Unit filename="crc.h" />
		<Unit filename="cryptlib.cpp" />
		<Unit filename="cryptlib.h" />
		<Unit filename="default.cpp" />
		<Unit filename="default.h" />
		<Unit filename="des.cpp" />
		<Unit filename="des.h" />
		<Unit filename="dessp.cpp" />
		<Unit filename="dh.cpp" />
		<Unit filename="dh.h" />
		<Unit filename="dh2.cpp" />
		<Unit filename="dh2.h" />
		<Unit filename="dll.cpp" />
		<Unit filename="dmac.h" />
		<Unit filename="dsa.cpp" />
		<Unit filename="dsa.h" />
		<Unit filename="ec2n.cpp" />
		<Unit filename="ec2n.h" />
		<Unit filename="eccrypto.cpp">
			<Option target="&lt;{~None~}&gt;" />
		</Unit>
		<Unit filename="eccrypto.h" />
		<Unit filename="ecp.cpp" />
		<Unit filename="ecp.h" />
		<Unit filename="elgamal.cpp" />
		<Unit filename="elgamal.h" />
		<Unit filename="emsa2.cpp" />
		<Unit filename="emsa2.h" />
		<Unit filename="eprecomp.cpp">
			<Option target="&lt;{~None~}&gt;" />
		</Unit>
		<Unit filename="eprecomp.h" />
		<Unit filename="esign.cpp" />
		<Unit filename="esign.h" />
		<Unit filename="files.cpp" />
		<Unit filename="files.h" />
		<Unit filename="filters.cpp" />
		<Unit filename="filters.h" />
		<Unit filename="fips140.cpp" />
		<Unit filename="fips140.h" />
		<Unit filename="fipstest.cpp" />
		<Unit filename="fltrimpl.h" />
		<Unit filename="gf256.cpp" />
		<Unit filename="gf256.h" />
		<Unit filename="gf2_32.cpp" />
		<Unit filename="gf2_32.h" />
		<Unit filename="gf2n.cpp" />
		<Unit filename="gf2n.h" />
		<Unit filename="gfpcrypt.cpp" />
		<Unit filename="gfpcrypt.h" />
		<Unit filename="gost.cpp" />
		<Unit filename="gost.h" />
		<Unit filename="gzip.cpp" />
		<Unit filename="gzip.h" />
		<Unit filename="hex.cpp" />
		<Unit filename="hex.h" />
		<Unit filename="hmac.cpp" />
		<Unit filename="hmac.h" />
		<Unit filename="hrtimer.cpp" />
		<Unit filename="hrtimer.h" />
		<Unit filename="ida.cpp" />
		<Unit filename="ida.h" />
		<Unit filename="idea.cpp" />
		<Unit filename="idea.h" />
		<Unit filename="integer.cpp" />
		<Unit filename="integer.h" />
		<Unit filename="iterhash.cpp" />
		<Unit filename="iterhash.h" />
		<Unit filename="license.txt" />
		<Unit filename="lubyrack.h" />
		<Unit filename="luc.cpp" />
		<Unit filename="luc.h" />
		<Unit filename="md2.cpp" />
		<Unit filename="md2.h" />
		<Unit filename="md4.cpp" />
		<Unit filename="md4.h" />
		<Unit filename="md5.cpp" />
		<Unit filename="md5.h" />
		<Unit filename="mdc.h" />
		<Unit filename="misc.cpp" />
		<Unit filename="misc.h" />
		<Unit filename="modarith.h" />
		<Unit filename="modes.cpp" />
		<Unit filename="modes.h" />
		<Unit filename="modexppc.h" />
		<Unit filename="mqueue.cpp" />
		<Unit filename="mqueue.h" />
		<Unit filename="mqv.cpp" />
		<Unit filename="mqv.h" />
		<Unit filename="mummy.h" />
		<Unit filename="nbtheory.cpp" />
		<Unit filename="nbtheory.h" />
		<Unit filename="network.cpp" />
		<Unit filename="network.h" />
		<Unit filename="nr.h" />
		<Unit filename="oaep.cpp" />
		<Unit filename="oaep.h" />
		<Unit filename="oids.h" />
		<Unit filename="osrng.cpp" />
		<Unit filename="osrng.h" />
		<Unit filename="panama.cpp" />
		<Unit filename="panama.h" />
		<Unit filename="pch.cpp" />
		<Unit filename="pch.h" />
		<Unit filename="pkcspad.cpp" />
		<Unit filename="pkcspad.h" />
		<Unit filename="polynomi.cpp" />
		<Unit filename="polynomi.h" />
		<Unit filename="pssr.cpp" />
		<Unit filename="pssr.h" />
		<Unit filename="pubkey.cpp" />
		<Unit filename="pubkey.h" />
		<Unit filename="pwdbased.h" />
		<Unit filename="queue.cpp" />
		<Unit filename="queue.h" />
		<Unit filename="rabin.cpp" />
		<Unit filename="rabin.h" />
		<Unit filename="randpool.cpp" />
		<Unit filename="randpool.h" />
		<Unit filename="rc2.cpp" />
		<Unit filename="rc2.h" />
		<Unit filename="rc5.cpp" />
		<Unit filename="rc5.h" />
		<Unit filename="rc6.cpp" />
		<Unit filename="rc6.h" />
		<Unit filename="rdtables.cpp" />
		<Unit filename="readme.txt" />
		<Unit filename="rijndael.cpp" />
		<Unit filename="rijndael.h" />
		<Unit filename="ripemd.cpp" />
		<Unit filename="ripemd.h" />
		<Unit filename="rng.cpp" />
		<Unit filename="rng.h" />
		<Unit filename="rsa.cpp" />
		<Unit filename="rsa.h" />
		<Unit filename="rw.cpp" />
		<Unit filename="rw.h" />
		<Unit filename="safer.cpp" />
		<Unit filename="safer.h" />
		<Unit filename="salsa.cpp" />
		<Unit filename="salsa.h" />
		<Unit filename="seal.cpp" />
		<Unit filename="seal.h" />
		<Unit filename="secblock.h" />
		<Unit filename="seckey.h" />
		<Unit filename="serpent.cpp" />
		<Unit filename="serpent.h" />
		<Unit filename="sha.cpp" />
		<Unit filename="sha.h" />
		<Unit filename="shacal2.cpp" />
		<Unit filename="shacal2.h" />
		<Unit filename="shark.cpp" />
		<Unit filename="shark.h" />
		<Unit filename="sharkbox.cpp" />
		<Unit filename="simple.cpp" />
		<Unit filename="simple.h" />
		<Unit filename="skipjack.cpp" />
		<Unit filename="skipjack.h" />
		<Unit filename="smartptr.h" />
		<Unit filename="socketft.cpp" />
		<Unit filename="socketft.h" />
		<Unit filename="sosemanuk.cpp" />
		<Unit filename="sosemanuk.h" />
		<Unit filename="square.cpp" />
		<Unit filename="square.h" />
		<Unit filename="squaretb.cpp" />
		<Unit filename="strciphr.cpp" />
		<Unit filename="strciphr.h" />
		<Unit filename="tea.cpp" />
		<Unit filename="tea.h" />
		<Unit filename="tftables.cpp" />
		<Unit filename="tiger.cpp" />
		<Unit filename="tiger.h" />
		<Unit filename="tigertab.cpp" />
		<Unit filename="trdlocal.cpp" />
		<Unit filename="trdlocal.h" />
		<Unit filename="trunhash.h" />
		<Unit filename="ttmac.cpp" />
		<Unit filename="ttmac.h" />
		<Unit filename="twofish.cpp" />
		<Unit filename="twofish.h" />
		<Unit filename="vmac.cpp" />
		<Unit filename="vmac.h" />
		<Unit filename="wait.cpp" />
		<Unit filename="wait.h" />
		<Unit filename="wake.cpp" />
		<Unit filename="wake.h" />
		<Unit filename="whrlpool.cpp" />
		<Unit filename="whrlpool.h" />
		<Unit filename="winpipes.cpp" />
		<Unit filename="winpipes.h" />
		<Unit filename="words.h" />
		<Unit filename="x64masm.asm">
			<Option target="Release x64" />
			<Option target="DLL-Import Release x64" />
			<Option target="Debug x64" />
			<Option target="DLL-Import Debug x64" />
		</Unit>
		<Unit filename="xtr.cpp" />
		<Unit filename="xtr.h" />
		<Unit filename="xtrcrypt.cpp" />
		<Unit filename="xtrcrypt.h" />
		<Unit filename="zdeflate.cpp" />
		<Unit filename="zdeflate.h" />
		<Unit filename="zinflate.cpp" />
		<Unit filename="zinflate.h" />
		<Unit filename="zlib.cpp" />
		<Unit filename="zlib.h" />
		<Extensions>
			<AutoVersioning>
				<Scheme minor_max="10" build_max="0" rev_max="0" rev_rand_max="10" build_times_to_increment_minor="100" />
				<Settings autoincrement="1" date_declarations="1" do_auto_increment="0" ask_to_increment="0" language="C++" svn="0" svn_directory=" " header_path="version.h" />
				<Changes_Log show_changes_editor="0" app_title="released version %M.%m.%b of %p" changeslog_path="ChangesLog.txt" />
				<Code header_guard="VERSION_H" namespace="AutoVersion" prefix=" " />
			</AutoVersioning>
			<code_completion />
			<envvars />
			<debugger />
		</Extensions>
	</Project>
</CodeBlocks_project_file>
