<?xml version="1.0" encoding="UTF-8" standalone="yes" ?>
<CodeBlocks_project_file>
	<FileVersion major="1" minor="6" />
	<Project>
		<Option title="zlibvc" />
		<Option pch_mode="2" />
		<Option compiler="gcc" />
		<Build>
			<Target title="Debug Win32">
				<Option output="..\..\..\..\..\lib\win\zlibwapi" prefix_auto="1" extension_auto="1" />
				<Option object_output="x86\ZlibDllDebug Win32\Tmp" />
				<Option type="3" />
				<Option compiler="gcc" />
				<Option createDefFile="1" />
				<Option createStaticLib="1" />
				<Compiler>
					<Add option="-DWIN32" />
					<Add option="-D_CRT_NONSTDC_NO_DEPRECATE" />
					<Add option="-D_CRT_SECURE_NO_DEPRECATE" />
					<Add option="-D_CRT_NONSTDC_NO_WARNINGS" />
					<Add option="-DZLIB_WINAPI" />
					<Add option="-DASMV" />
					<Add option="-DASMINF" />
					<Add option="-W" />
					<Add option="-g" />
					<Add option="-O0" />
					<Add directory="..\..\.." />
					<Add directory="..\..\masmx86" />
				</Compiler>
				<ResourceCompiler>
					<Add directory="..\..\.." />
					<Add directory="..\..\masmx86" />
				</ResourceCompiler>
				<Linker>
					<Add library="..\..\masmx86\match686.obj" />
					<Add library="..\..\masmx86\inffas32.obj" />
				</Linker>
			</Target>
			<Target title="Debug x64">
				<Option output="..\..\..\..\..\lib\win\zlibwapi" prefix_auto="1" extension_auto="1" />
				<Option object_output="x64\ZlibDllDebug x64\Tmp" />
				<Option type="3" />
				<Option compiler="gcc" />
				<Option createDefFile="1" />
				<Option createStaticLib="1" />
				<Compiler>
					<Add option="-DWIN32" />
					<Add option="-D_CRT_NONSTDC_NO_DEPRECATE" />
					<Add option="-D_CRT_SECURE_NO_DEPRECATE" />
					<Add option="-D_CRT_NONSTDC_NO_WARNINGS" />
					<Add option="-DZLIB_WINAPI" />
					<Add option="-DASMV" />
					<Add option="-DASMINF" />
					<Add option="-DWIN64" />
					<Add option="-W" />
					<Add option="-O0" />
					<Add directory="..\..\.." />
					<Add directory="..\..\masmx86" />
				</Compiler>
				<ResourceCompiler>
					<Add directory="..\..\.." />
					<Add directory="..\..\masmx86" />
				</ResourceCompiler>
				<Linker>
					<Add library="..\..\masmx64\gvmat64.obj" />
					<Add library="..\..\masmx64\inffasx64.obj" />
				</Linker>
			</Target>
			<Target title="Debug Itanium">
				<Option output="..\..\..\..\..\lib\win\zlibwapi" prefix_auto="1" extension_auto="1" />
				<Option object_output="ia64\ZlibDllDebug Itanium\Tmp" />
				<Option type="3" />
				<Option compiler="gcc" />
				<Option createDefFile="1" />
				<Option createStaticLib="1" />
				<Compiler>
					<Add option="-DWIN32" />
					<Add option="-D_CRT_NONSTDC_NO_DEPRECATE" />
					<Add option="-D_CRT_SECURE_NO_DEPRECATE" />
					<Add option="-D_CRT_NONSTDC_NO_WARNINGS" />
					<Add option="-DZLIB_WINAPI" />
					<Add option="-DWIN64" />
					<Add option="-W" />
					<Add option="-O0" />
					<Add directory="..\..\.." />
					<Add directory="..\..\masmx86" />
				</Compiler>
				<ResourceCompiler>
					<Add directory="..\..\.." />
					<Add directory="..\..\masmx86" />
				</ResourceCompiler>
			</Target>
			<Target title="ReleaseWithoutAsm Win32">
				<Option output="..\..\..\..\..\lib\win\zlibwapi" prefix_auto="1" extension_auto="1" />
				<Option object_output="x86\ZlibDllReleaseWithoutAsm Win32\Tmp" />
				<Option type="3" />
				<Option compiler="gcc" />
				<Option createDefFile="1" />
				<Option createStaticLib="1" />
				<Compiler>
					<Add option="-W" />
					<Add option="-DWIN32" />
					<Add option="-D_CRT_NONSTDC_NO_DEPRECATE" />
					<Add option="-D_CRT_SECURE_NO_DEPRECATE" />
					<Add option="-D_CRT_NONSTDC_NO_WARNINGS" />
					<Add option="-DZLIB_WINAPI" />
					<Add directory="..\..\.." />
					<Add directory="..\..\masmx86" />
				</Compiler>
				<ResourceCompiler>
					<Add directory="..\..\.." />
					<Add directory="..\..\masmx86" />
				</ResourceCompiler>
			</Target>
			<Target title="ReleaseWithoutAsm x64">
				<Option output="..\..\..\..\..\lib\win\zlibwapi" prefix_auto="1" extension_auto="1" />
				<Option object_output="x64\ZlibDllReleaseWithoutAsm x64\Tmp" />
				<Option type="3" />
				<Option compiler="gcc" />
				<Option createDefFile="1" />
				<Option createStaticLib="1" />
				<Compiler>
					<Add option="-DWIN32" />
					<Add option="-D_CRT_NONSTDC_NO_DEPRECATE" />
					<Add option="-D_CRT_SECURE_NO_DEPRECATE" />
					<Add option="-D_CRT_NONSTDC_NO_WARNINGS" />
					<Add option="-DZLIB_WINAPI" />
					<Add option="-DWIN64" />
					<Add option="-W" />
					<Add directory="..\..\.." />
					<Add directory="..\..\masmx86" />
				</Compiler>
				<ResourceCompiler>
					<Add directory="..\..\.." />
					<Add directory="..\..\masmx86" />
				</ResourceCompiler>
			</Target>
			<Target title="ReleaseWithoutAsm Itanium">
				<Option output="..\..\..\..\..\lib\win\zlibwapi" prefix_auto="1" extension_auto="1" />
				<Option object_output="ia64\ZlibDllReleaseWithoutAsm Itanium\Tmp" />
				<Option type="3" />
				<Option compiler="gcc" />
				<Option createDefFile="1" />
				<Option createStaticLib="1" />
				<Compiler>
					<Add option="-DWIN32" />
					<Add option="-D_CRT_NONSTDC_NO_DEPRECATE" />
					<Add option="-D_CRT_SECURE_NO_DEPRECATE" />
					<Add option="-D_CRT_NONSTDC_NO_WARNINGS" />
					<Add option="-DZLIB_WINAPI" />
					<Add option="-DWIN64" />
					<Add option="-W" />
					<Add directory="..\..\.." />
					<Add directory="..\..\masmx86" />
				</Compiler>
				<ResourceCompiler>
					<Add directory="..\..\.." />
					<Add directory="..\..\masmx86" />
				</ResourceCompiler>
			</Target>
			<Target title="Release Win32">
				<Option output="..\..\..\..\..\lib\win\zlibwapi" prefix_auto="1" extension_auto="1" />
				<Option object_output="x86\ZlibDllRelease Win32\Tmp" />
				<Option type="3" />
				<Option compiler="gcc" />
				<Option createDefFile="1" />
				<Option createStaticLib="1" />
				<Compiler>
					<Add option="-DWIN32" />
					<Add option="-D_CRT_NONSTDC_NO_DEPRECATE" />
					<Add option="-D_CRT_SECURE_NO_DEPRECATE" />
					<Add option="-D_CRT_NONSTDC_NO_WARNINGS" />
					<Add option="-DZLIB_WINAPI" />
					<Add option="-DASMV" />
					<Add option="-DASMINF" />
					<Add option="-W" />
					<Add directory="..\..\.." />
					<Add directory="..\..\masmx86" />
				</Compiler>
				<ResourceCompiler>
					<Add directory="..\..\.." />
					<Add directory="..\..\masmx86" />
				</ResourceCompiler>
				<Linker>
					<Add library="..\..\masmx86\match686.obj" />
					<Add library="..\..\masmx86\inffas32.obj" />
				</Linker>
			</Target>
			<Target title="Release x64">
				<Option output="..\..\..\..\..\lib\win\zlibwapi" prefix_auto="1" extension_auto="1" />
				<Option object_output="x64\ZlibDllRelease x64\Tmp" />
				<Option type="3" />
				<Option compiler="gcc" />
				<Option createDefFile="1" />
				<Option createStaticLib="1" />
				<Compiler>
					<Add option="-D_CRT_NONSTDC_NO_DEPRECATE" />
					<Add option="-D_CRT_SECURE_NO_DEPRECATE" />
					<Add option="-D_CRT_NONSTDC_NO_WARNINGS" />
					<Add option="-DZLIB_WINAPI" />
					<Add option="-DASMV" />
					<Add option="-DASMINF" />
					<Add option="-DWIN64" />
					<Add option="-W" />
					<Add directory="..\..\.." />
					<Add directory="..\..\masmx86" />
				</Compiler>
				<ResourceCompiler>
					<Add directory="..\..\.." />
					<Add directory="..\..\masmx86" />
				</ResourceCompiler>
				<Linker>
					<Add library="..\..\masmx64\gvmat64.obj" />
					<Add library="..\..\masmx64\inffasx64.obj" />
				</Linker>
			</Target>
			<Target title="Release Itanium">
				<Option output="..\..\..\..\..\lib\win\zlibwapi" prefix_auto="1" extension_auto="1" />
				<Option object_output="ia64\ZlibDllRelease Itanium\Tmp" />
				<Option type="3" />
				<Option compiler="gcc" />
				<Option createDefFile="1" />
				<Option createStaticLib="1" />
				<Compiler>
					<Add option="-D_CRT_NONSTDC_NO_DEPRECATE" />
					<Add option="-D_CRT_SECURE_NO_DEPRECATE" />
					<Add option="-D_CRT_NONSTDC_NO_WARNINGS" />
					<Add option="-DZLIB_WINAPI" />
					<Add option="-DWIN64" />
					<Add option="-W" />
					<Add directory="..\..\.." />
					<Add directory="..\..\masmx86" />
				</Compiler>
				<ResourceCompiler>
					<Add directory="..\..\.." />
					<Add directory="..\..\masmx86" />
				</ResourceCompiler>
			</Target>
			<Target title="Nix">
				<Option output="..\..\..\..\..\lib\nix\libzlib" prefix_auto="1" extension_auto="1" />
				<Option working_dir="" />
				<Option type="2" />
				<Option compiler="gcc" />
				<Option createDefFile="1" />
				<Compiler>
					<Add option="-fPIC" />
				</Compiler>
			</Target>
		</Build>
		<Unit filename="..\..\..\adler32.c">
			<Option compilerVar="CC" />
		</Unit>
		<Unit filename="..\..\..\compress.c">
			<Option compilerVar="CC" />
		</Unit>
		<Unit filename="..\..\masmx64\inffas8664.c">
			<Option compilerVar="CC" />
			<Option target="Debug x64" />
			<Option target="ReleaseWithoutAsm x64" />
			<Option target="Release x64" />
		</Unit>
		<Unit filename="..\..\minizip\ioapi.c">
			<Option compilerVar="CC" />
		</Unit>
		<Unit filename="..\..\minizip\iowin32.c">
			<Option compilerVar="CC" />
			<Option target="Debug Win32" />
			<Option target="Debug x64" />
			<Option target="Debug Itanium" />
			<Option target="ReleaseWithoutAsm Win32" />
			<Option target="ReleaseWithoutAsm x64" />
			<Option target="ReleaseWithoutAsm Itanium" />
			<Option target="Release Win32" />
			<Option target="Release x64" />
			<Option target="Release Itanium" />
		</Unit>
		<Unit filename="..\..\minizip\unzip.c">
			<Option compilerVar="CC" />
		</Unit>
		<Unit filename="..\..\minizip\zip.c">
			<Option compilerVar="CC" />
		</Unit>
		<Unit filename="zlib.rc">
			<Option compilerVar="WINDRES" />
			<Option compile="0" />
			<Option link="0" />
		</Unit>
		<Unit filename="zlibvc.def" />
		<Unit filename="..\..\..\crc32.c">
			<Option compilerVar="CC" />
		</Unit>
		<Unit filename="..\..\..\deflate.c">
			<Option compilerVar="CC" />
		</Unit>
		<Unit filename="..\..\..\deflate.h" />
		<Unit filename="..\..\..\gzclose.c">
			<Option compilerVar="CC" />
		</Unit>
		<Unit filename="..\..\..\gzguts.h" />
		<Unit filename="..\..\..\gzlib.c">
			<Option compilerVar="CC" />
		</Unit>
		<Unit filename="..\..\..\gzread.c">
			<Option compilerVar="CC" />
		</Unit>
		<Unit filename="..\..\..\gzwrite.c">
			<Option compilerVar="CC" />
		</Unit>
		<Unit filename="..\..\..\infback.c">
			<Option compilerVar="CC" />
		</Unit>
		<Unit filename="..\..\..\infblock.h" />
		<Unit filename="..\..\..\infcodes.h" />
		<Unit filename="..\..\..\inffast.c">
			<Option compilerVar="CC" />
		</Unit>
		<Unit filename="..\..\..\inffast.h" />
		<Unit filename="..\..\..\inflate.c">
			<Option compilerVar="CC" />
		</Unit>
		<Unit filename="..\..\..\inftrees.c">
			<Option compilerVar="CC" />
		</Unit>
		<Unit filename="..\..\..\inftrees.h" />
		<Unit filename="..\..\..\infutil.h" />
		<Unit filename="..\..\..\trees.c">
			<Option compilerVar="CC" />
		</Unit>
		<Unit filename="..\..\..\uncompr.c">
			<Option compilerVar="CC" />
		</Unit>
		<Unit filename="..\..\..\zconf.h" />
		<Unit filename="..\..\..\zlib.h" />
		<Unit filename="..\..\..\zutil.c">
			<Option compilerVar="CC" />
		</Unit>
		<Unit filename="..\..\..\zutil.h" />
		<Extensions>
			<code_completion />
			<envvars />
			<debugger />
		</Extensions>
	</Project>
</CodeBlocks_project_file>
